# This file is generated by running "yarn install" inside your project.
# Manual changes might be lost - proceed with caution!

__metadata:
  version: 6
  cacheKey: 8

"@cspotcode/source-map-support@npm:^0.8.0":
  version: 0.8.1
  resolution: "@cspotcode/source-map-support@npm:0.8.1"
  dependencies:
    "@jridgewell/trace-mapping": 0.3.9
  checksum: 5718f267085ed8edb3e7ef210137241775e607ee18b77d95aa5bd7514f47f5019aa2d82d96b3bf342ef7aa890a346fa1044532ff7cc3009e7d24fce3ce6200fa
  languageName: node
  linkType: hard

"@jridgewell/resolve-uri@npm:^3.0.3":
  version: 3.1.2
  resolution: "@jridgewell/resolve-uri@npm:3.1.2"
  checksum: 83b85f72c59d1c080b4cbec0fef84528963a1b5db34e4370fa4bd1e3ff64a0d80e0cee7369d11d73c704e0286fb2865b530acac7a871088fbe92b5edf1000870
  languageName: node
  linkType: hard

"@jridgewell/sourcemap-codec@npm:^1.4.10":
  version: 1.5.5
  resolution: "@jridgewell/sourcemap-codec@npm:1.5.5"
  checksum: c2e36e67971f719a8a3a85ef5a5f580622437cc723c35d03ebd0c9c0b06418700ef006f58af742791f71f6a4fc68fcfaf1f6a74ec2f9a3332860e9373459dae7
  languageName: node
  linkType: hard

"@jridgewell/trace-mapping@npm:0.3.9":
  version: 0.3.9
  resolution: "@jridgewell/trace-mapping@npm:0.3.9"
  dependencies:
    "@jridgewell/resolve-uri": ^3.0.3
    "@jridgewell/sourcemap-codec": ^1.4.10
  checksum: d89597752fd88d3f3480845691a05a44bd21faac18e2185b6f436c3b0fd0c5a859fbbd9aaa92050c4052caf325ad3e10e2e1d1b64327517471b7d51babc0ddef
  languageName: node
  linkType: hard

"@tsconfig/node10@npm:^1.0.7":
  version: 1.0.12
  resolution: "@tsconfig/node10@npm:1.0.12"
  checksum: 27e2f989dbb20f773aa121b609a5361a473b7047ff286fce7c851e61f5eec0c74f0bdb38d5bd69c8a06f17e60e9530188f2219b1cbeabeac91f0a5fd348eac2a
  languageName: node
  linkType: hard

"@tsconfig/node12@npm:^1.0.7":
  version: 1.0.11
  resolution: "@tsconfig/node12@npm:1.0.11"
  checksum: 5ce29a41b13e7897a58b8e2df11269c5395999e588b9a467386f99d1d26f6c77d1af2719e407621412520ea30517d718d5192a32403b8dfcc163bf33e40a338a
  languageName: node
  linkType: hard

"@tsconfig/node14@npm:^1.0.0":
  version: 1.0.3
  resolution: "@tsconfig/node14@npm:1.0.3"
  checksum: 19275fe80c4c8d0ad0abed6a96dbf00642e88b220b090418609c4376e1cef81bf16237bf170ad1b341452feddb8115d8dd2e5acdfdea1b27422071163dc9ba9d
  languageName: node
  linkType: hard

"@tsconfig/node16@npm:^1.0.2":
  version: 1.0.4
  resolution: "@tsconfig/node16@npm:1.0.4"
  checksum: 202319785901f942a6e1e476b872d421baec20cf09f4b266a1854060efbf78cde16a4d256e8bc949d31e6cd9a90f1e8ef8fb06af96a65e98338a2b6b0de0a0ff
  languageName: node
  linkType: hard

"@types/node@npm:^18.19.3":
  version: 18.19.130
  resolution: "@types/node@npm:18.19.130"
  dependencies:
    undici-types: ~5.26.4
  checksum: b7032363581c416e721a88cffdc2b47662337cacd20f8294f5619a1abf79615c7fef1521964c2aa9d36ed6aae733e1a03e8c704661bd5a0c2f34b390f41ea395
  languageName: node
  linkType: hard

"@types/yargs-parser@npm:*":
  version: 21.0.3
  resolution: "@types/yargs-parser@npm:21.0.3"
  checksum: ef236c27f9432983e91432d974243e6c4cdae227cb673740320eff32d04d853eed59c92ca6f1142a335cfdc0e17cccafa62e95886a8154ca8891cc2dec4ee6fc
  languageName: node
  linkType: hard

"@types/yargs@npm:^17.0.32":
  version: 17.0.35
  resolution: "@types/yargs@npm:17.0.35"
  dependencies:
    "@types/yargs-parser": "*"
  checksum: ebf1f5373388cfcbf9cfb5e56ce7a77c0ba2450420f26f3701010ca92df48cce7e14e4245ed1f17178a38ff8702467a6f4047742775b8e2fd06dec8f4f3501ce
  languageName: node
  linkType: hard

"acorn-walk@npm:^8.1.1":
  version: 8.3.4
  resolution: "acorn-walk@npm:8.3.4"
  dependencies:
    acorn: ^8.11.0
  checksum: 4ff03f42323e7cf90f1683e08606b0f460e1e6ac263d2730e3df91c7665b6f64e696db6ea27ee4bed18c2599569be61f28a8399fa170c611161a348c402ca19c
  languageName: node
  linkType: hard

"acorn@npm:^8.11.0, acorn@npm:^8.4.1":
  version: 8.15.0
  resolution: "acorn@npm:8.15.0"
  bin:
    acorn: bin/acorn
  checksum: 309c6b49aedf1a2e34aaf266de06de04aab6eb097c02375c66fdeb0f64556a6a823540409914fb364d9a11bc30d79d485a2eba29af47992d3490e9886c4391c3
  languageName: node
  linkType: hard

"adventofcode@workspace:.":
  version: 0.0.0-use.local
  resolution: "adventofcode@workspace:."
  dependencies:
    "@types/node": ^18.19.3
    "@types/yargs": ^17.0.32
    cheerio: ^1.1.2
    dotenv: ^16.3.1
    prettier: ^3.7.3
    ts-node: ^10.9.2
    typescript: ^5.9.3
    yargs: ^17.7.2
    z3-solver: ^4.12.4
  languageName: unknown
  linkType: soft

"ansi-regex@npm:^5.0.1":
  version: 5.0.1
  resolution: "ansi-regex@npm:5.0.1"
  checksum: 2aa4bb54caf2d622f1afdad09441695af2a83aa3fe8b8afa581d205e57ed4261c183c4d3877cee25794443fde5876417d859c108078ab788d6af7e4fe52eb66b
  languageName: node
  linkType: hard

"ansi-styles@npm:^4.0.0":
  version: 4.3.0
  resolution: "ansi-styles@npm:4.3.0"
  dependencies:
    color-convert: ^2.0.1
  checksum: 513b44c3b2105dd14cc42a19271e80f386466c4be574bccf60b627432f9198571ebf4ab1e4c3ba17347658f4ee1711c163d574248c0c1cdc2d5917a0ad582ec4
  languageName: node
  linkType: hard

"arg@npm:^4.1.0":
  version: 4.1.3
  resolution: "arg@npm:4.1.3"
  checksum: 544af8dd3f60546d3e4aff084d451b96961d2267d668670199692f8d054f0415d86fc5497d0e641e91546f0aa920e7c29e5250e99fc89f5552a34b5d93b77f43
  languageName: node
  linkType: hard

"async-mutex@npm:^0.3.2":
  version: 0.3.2
  resolution: "async-mutex@npm:0.3.2"
  dependencies:
    tslib: ^2.3.1
  checksum: 620b771dfdea1cad0a6b712915c31a1e3ca880a8cf1eae92b4590f435995e0260929c6ebaae0b9126b1456790ea498064b5bb9a506948cda760f48d3d0dcc4c8
  languageName: node
  linkType: hard

"boolbase@npm:^1.0.0":
  version: 1.0.0
  resolution: "boolbase@npm:1.0.0"
  checksum: 3e25c80ef626c3a3487c73dbfc70ac322ec830666c9ad915d11b701142fab25ec1e63eff2c450c74347acfd2de854ccde865cd79ef4db1683f7c7b046ea43bb0
  languageName: node
  linkType: hard

"cheerio-select@npm:^2.1.0":
  version: 2.1.0
  resolution: "cheerio-select@npm:2.1.0"
  dependencies:
    boolbase: ^1.0.0
    css-select: ^5.1.0
    css-what: ^6.1.0
    domelementtype: ^2.3.0
    domhandler: ^5.0.3
    domutils: ^3.0.1
  checksum: 843d6d479922f28a6c5342c935aff1347491156814de63c585a6eb73baf7bb4185c1b4383a1195dca0f12e3946d737c7763bcef0b9544c515d905c5c44c5308b
  languageName: node
  linkType: hard

"cheerio@npm:^1.1.2":
  version: 1.1.2
  resolution: "cheerio@npm:1.1.2"
  dependencies:
    cheerio-select: ^2.1.0
    dom-serializer: ^2.0.0
    domhandler: ^5.0.3
    domutils: ^3.2.2
    encoding-sniffer: ^0.2.1
    htmlparser2: ^10.0.0
    parse5: ^7.3.0
    parse5-htmlparser2-tree-adapter: ^7.1.0
    parse5-parser-stream: ^7.1.2
    undici: ^7.12.0
    whatwg-mimetype: ^4.0.0
  checksum: 84fec985143d81323d39f13bbe1b65ff4f934bfbfcfe586ab7674f4a54b13b3e9c6aa9b23e4a54e7147e08fafaed12f5f9bad554bb707579b3db464eeccc158f
  languageName: node
  linkType: hard

"cliui@npm:^8.0.1":
  version: 8.0.1
  resolution: "cliui@npm:8.0.1"
  dependencies:
    string-width: ^4.2.0
    strip-ansi: ^6.0.1
    wrap-ansi: ^7.0.0
  checksum: 79648b3b0045f2e285b76fb2e24e207c6db44323581e421c3acbd0e86454cba1b37aea976ab50195a49e7384b871e6dfb2247ad7dec53c02454ac6497394cb56
  languageName: node
  linkType: hard

"color-convert@npm:^2.0.1":
  version: 2.0.1
  resolution: "color-convert@npm:2.0.1"
  dependencies:
    color-name: ~1.1.4
  checksum: 79e6bdb9fd479a205c71d89574fccfb22bd9053bd98c6c4d870d65c132e5e904e6034978e55b43d69fcaa7433af2016ee203ce76eeba9cfa554b373e7f7db336
  languageName: node
  linkType: hard

"color-name@npm:~1.1.4":
  version: 1.1.4
  resolution: "color-name@npm:1.1.4"
  checksum: b0445859521eb4021cd0fb0cc1a75cecf67fceecae89b63f62b201cca8d345baf8b952c966862a9d9a2632987d4f6581f0ec8d957dfacece86f0a7919316f610
  languageName: node
  linkType: hard

"create-require@npm:^1.1.0":
  version: 1.1.1
  resolution: "create-require@npm:1.1.1"
  checksum: a9a1503d4390d8b59ad86f4607de7870b39cad43d929813599a23714831e81c520bddf61bcdd1f8e30f05fd3a2b71ae8538e946eb2786dc65c2bbc520f692eff
  languageName: node
  linkType: hard

"css-select@npm:^5.1.0":
  version: 5.2.2
  resolution: "css-select@npm:5.2.2"
  dependencies:
    boolbase: ^1.0.0
    css-what: ^6.1.0
    domhandler: ^5.0.2
    domutils: ^3.0.1
    nth-check: ^2.0.1
  checksum: 0ab672620c6bdfe4129dfecf202f6b90f92018b24a1a93cfbb295c24026d0163130ba4b98d7443f87246a2c1d67413798a7a5920cd102b0cfecfbc89896515aa
  languageName: node
  linkType: hard

"css-what@npm:^6.1.0":
  version: 6.2.2
  resolution: "css-what@npm:6.2.2"
  checksum: 4d1f07b348a638e1f8b4c72804a1e93881f35e0f541256aec5ac0497c5855df7db7ab02da030de950d4813044f6d029a14ca657e0f92c3987e4b604246235b2b
  languageName: node
  linkType: hard

"diff@npm:^4.0.1":
  version: 4.0.2
  resolution: "diff@npm:4.0.2"
  checksum: f2c09b0ce4e6b301c221addd83bf3f454c0bc00caa3dd837cf6c127d6edf7223aa2bbe3b688feea110b7f262adbfc845b757c44c8a9f8c0c5b15d8fa9ce9d20d
  languageName: node
  linkType: hard

"dom-serializer@npm:^2.0.0":
  version: 2.0.0
  resolution: "dom-serializer@npm:2.0.0"
  dependencies:
    domelementtype: ^2.3.0
    domhandler: ^5.0.2
    entities: ^4.2.0
  checksum: cd1810544fd8cdfbd51fa2c0c1128ec3a13ba92f14e61b7650b5de421b88205fd2e3f0cc6ace82f13334114addb90ed1c2f23074a51770a8e9c1273acbc7f3e6
  languageName: node
  linkType: hard

"domelementtype@npm:^2.3.0":
  version: 2.3.0
  resolution: "domelementtype@npm:2.3.0"
  checksum: ee837a318ff702622f383409d1f5b25dd1024b692ef64d3096ff702e26339f8e345820f29a68bcdcea8cfee3531776b3382651232fbeae95612d6f0a75efb4f6
  languageName: node
  linkType: hard

"domhandler@npm:^5.0.2, domhandler@npm:^5.0.3":
  version: 5.0.3
  resolution: "domhandler@npm:5.0.3"
  dependencies:
    domelementtype: ^2.3.0
  checksum: 0f58f4a6af63e6f3a4320aa446d28b5790a009018707bce2859dcb1d21144c7876482b5188395a188dfa974238c019e0a1e610d2fc269a12b2c192ea2b0b131c
  languageName: node
  linkType: hard

"domutils@npm:^3.0.1, domutils@npm:^3.2.1, domutils@npm:^3.2.2":
  version: 3.2.2
  resolution: "domutils@npm:3.2.2"
  dependencies:
    dom-serializer: ^2.0.0
    domelementtype: ^2.3.0
    domhandler: ^5.0.3
  checksum: ae941d56f03d857077d55dde9297e960a625229fc2b933187cc4123084d7c2d2517f58283a7336567127029f1e008449bac8ac8506d44341e29e3bb18e02f906
  languageName: node
  linkType: hard

"dotenv@npm:^16.3.1":
  version: 16.6.1
  resolution: "dotenv@npm:16.6.1"
  checksum: e8bd63c9a37f57934f7938a9cf35de698097fadf980cb6edb61d33b3e424ceccfe4d10f37130b904a973b9038627c2646a3365a904b4406514ea94d7f1816b69
  languageName: node
  linkType: hard

"emoji-regex@npm:^8.0.0":
  version: 8.0.0
  resolution: "emoji-regex@npm:8.0.0"
  checksum: d4c5c39d5a9868b5fa152f00cada8a936868fd3367f33f71be515ecee4c803132d11b31a6222b2571b1e5f7e13890156a94880345594d0ce7e3c9895f560f192
  languageName: node
  linkType: hard

"encoding-sniffer@npm:^0.2.1":
  version: 0.2.1
  resolution: "encoding-sniffer@npm:0.2.1"
  dependencies:
    iconv-lite: ^0.6.3
    whatwg-encoding: ^3.1.1
  checksum: d96cc88bbab6a88f57805491fa948b7b1c30f8488939fe4397c58c79ce766a1027f4c10de1893a9b5e489c4ad8ed927f6a8a87f1d114b6f3d5cb3bbbc73601d7
  languageName: node
  linkType: hard

"entities@npm:^4.2.0":
  version: 4.5.0
  resolution: "entities@npm:4.5.0"
  checksum: 853f8ebd5b425d350bffa97dd6958143179a5938352ccae092c62d1267c4e392a039be1bae7d51b6e4ffad25f51f9617531fedf5237f15df302ccfb452cbf2d7
  languageName: node
  linkType: hard

"entities@npm:^6.0.0":
  version: 6.0.1
  resolution: "entities@npm:6.0.1"
  checksum: 937b952e81aca641660a6a07f70001c6821973dea3ae7f6a5013eadce94620f3ed2e9c745832d503c8811ce6e97704d8a0396159580c0e567d815234de7fdecf
  languageName: node
  linkType: hard

"escalade@npm:^3.1.1":
  version: 3.2.0
  resolution: "escalade@npm:3.2.0"
  checksum: 47b029c83de01b0d17ad99ed766347b974b0d628e848de404018f3abee728e987da0d2d370ad4574aa3d5b5bfc368754fd085d69a30f8e75903486ec4b5b709e
  languageName: node
  linkType: hard

"get-caller-file@npm:^2.0.5":
  version: 2.0.5
  resolution: "get-caller-file@npm:2.0.5"
  checksum: b9769a836d2a98c3ee734a88ba712e62703f1df31b94b784762c433c27a386dd6029ff55c2a920c392e33657d80191edbf18c61487e198844844516f843496b9
  languageName: node
  linkType: hard

"htmlparser2@npm:^10.0.0":
  version: 10.0.0
  resolution: "htmlparser2@npm:10.0.0"
  dependencies:
    domelementtype: ^2.3.0
    domhandler: ^5.0.3
    domutils: ^3.2.1
    entities: ^6.0.0
  checksum: ba81aca5d344437e791ffddf61d498972fc0e7dd2d41f59f920e93aedb64667a0f38fed88e0d81fe23ea5a10825991caa020212fdd72a0dc287ab2aaad95fbf5
  languageName: node
  linkType: hard

"iconv-lite@npm:0.6.3, iconv-lite@npm:^0.6.3":
  version: 0.6.3
  resolution: "iconv-lite@npm:0.6.3"
  dependencies:
    safer-buffer: ">= 2.1.2 < 3.0.0"
  checksum: 3f60d47a5c8fc3313317edfd29a00a692cc87a19cac0159e2ce711d0ebc9019064108323b5e493625e25594f11c6236647d8e256fbe7a58f4a3b33b89e6d30bf
  languageName: node
  linkType: hard

"is-fullwidth-code-point@npm:^3.0.0":
  version: 3.0.0
  resolution: "is-fullwidth-code-point@npm:3.0.0"
  checksum: 44a30c29457c7fb8f00297bce733f0a64cd22eca270f83e58c105e0d015e45c019491a4ab2faef91ab51d4738c670daff901c799f6a700e27f7314029e99e348
  languageName: node
  linkType: hard

"make-error@npm:^1.1.1":
  version: 1.3.6
  resolution: "make-error@npm:1.3.6"
  checksum: b86e5e0e25f7f777b77fabd8e2cbf15737972869d852a22b7e73c17623928fccb826d8e46b9951501d3f20e51ad74ba8c59ed584f610526a48f8ccf88aaec402
  languageName: node
  linkType: hard

"nth-check@npm:^2.0.1":
  version: 2.1.1
  resolution: "nth-check@npm:2.1.1"
  dependencies:
    boolbase: ^1.0.0
  checksum: 5afc3dafcd1573b08877ca8e6148c52abd565f1d06b1eb08caf982e3fa289a82f2cae697ffb55b5021e146d60443f1590a5d6b944844e944714a5b549675bcd3
  languageName: node
  linkType: hard

"parse5-htmlparser2-tree-adapter@npm:^7.1.0":
  version: 7.1.0
  resolution: "parse5-htmlparser2-tree-adapter@npm:7.1.0"
  dependencies:
    domhandler: ^5.0.3
    parse5: ^7.0.0
  checksum: 98326fc5443e2149e10695adbfd0b0b3383c54398799f858b4ac2914adb199af8fcc90c2143aa5f7fd5f9482338f26ef253b468722f34d50bb215ec075d89fe9
  languageName: node
  linkType: hard

"parse5-parser-stream@npm:^7.1.2":
  version: 7.1.2
  resolution: "parse5-parser-stream@npm:7.1.2"
  dependencies:
    parse5: ^7.0.0
  checksum: 75b232d460bce6bd0e35012750a78ef034f40ccf550b7c6cec3122395af6b4553202ad3663ad468cf537ead5a2e13b6727670395fd0ff548faccad1dc2dc93cf
  languageName: node
  linkType: hard

"parse5@npm:^7.0.0, parse5@npm:^7.3.0":
  version: 7.3.0
  resolution: "parse5@npm:7.3.0"
  dependencies:
    entities: ^6.0.0
  checksum: ffd040c4695d93f0bc370e3d6d75c1b352178514af41be7afa212475ea5cead1d6e377cd9d4cec6a5e2bcf497ca50daf9e0088eadaa37dbc271f60def08fdfcd
  languageName: node
  linkType: hard

"prettier@npm:^3.7.3":
  version: 3.7.3
  resolution: "prettier@npm:3.7.3"
  bin:
    prettier: bin/prettier.cjs
  checksum: fc3da17f1394f7e634eee762b1a42e0324cc6d78f8f966c746aed82c2712d24451db919e9dfa381b6fb4684b9cb04e25cfd08f47c55da92a814f9fa1e2427433
  languageName: node
  linkType: hard

"require-directory@npm:^2.1.1":
  version: 2.1.1
  resolution: "require-directory@npm:2.1.1"
  checksum: fb47e70bf0001fdeabdc0429d431863e9475e7e43ea5f94ad86503d918423c1543361cc5166d713eaa7029dd7a3d34775af04764bebff99ef413111a5af18c80
  languageName: node
  linkType: hard

"safer-buffer@npm:>= 2.1.2 < 3.0.0":
  version: 2.1.2
  resolution: "safer-buffer@npm:2.1.2"
  checksum: cab8f25ae6f1434abee8d80023d7e72b598cf1327164ddab31003c51215526801e40b66c5e65d658a0af1e9d6478cadcb4c745f4bd6751f97d8644786c0978b0
  languageName: node
  linkType: hard

"string-width@npm:^4.1.0, string-width@npm:^4.2.0, string-width@npm:^4.2.3":
  version: 4.2.3
  resolution: "string-width@npm:4.2.3"
  dependencies:
    emoji-regex: ^8.0.0
    is-fullwidth-code-point: ^3.0.0
    strip-ansi: ^6.0.1
  checksum: e52c10dc3fbfcd6c3a15f159f54a90024241d0f149cf8aed2982a2d801d2e64df0bf1dc351cf8e95c3319323f9f220c16e740b06faecd53e2462df1d2b5443fb
  languageName: node
  linkType: hard

"strip-ansi@npm:^6.0.0, strip-ansi@npm:^6.0.1":
  version: 6.0.1
  resolution: "strip-ansi@npm:6.0.1"
  dependencies:
    ansi-regex: ^5.0.1
  checksum: f3cd25890aef3ba6e1a74e20896c21a46f482e93df4a06567cebf2b57edabb15133f1f94e57434e0a958d61186087b1008e89c94875d019910a213181a14fc8c
  languageName: node
  linkType: hard

"ts-node@npm:^10.9.2":
  version: 10.9.2
  resolution: "ts-node@npm:10.9.2"
  dependencies:
    "@cspotcode/source-map-support": ^0.8.0
    "@tsconfig/node10": ^1.0.7
    "@tsconfig/node12": ^1.0.7
    "@tsconfig/node14": ^1.0.0
    "@tsconfig/node16": ^1.0.2
    acorn: ^8.4.1
    acorn-walk: ^8.1.1
    arg: ^4.1.0
    create-require: ^1.1.0
    diff: ^4.0.1
    make-error: ^1.1.1
    v8-compile-cache-lib: ^3.0.1
    yn: 3.1.1
  peerDependencies:
    "@swc/core": ">=1.2.50"
    "@swc/wasm": ">=1.2.50"
    "@types/node": "*"
    typescript: ">=2.7"
  peerDependenciesMeta:
    "@swc/core":
      optional: true
    "@swc/wasm":
      optional: true
  bin:
    ts-node: dist/bin.js
    ts-node-cwd: dist/bin-cwd.js
    ts-node-esm: dist/bin-esm.js
    ts-node-script: dist/bin-script.js
    ts-node-transpile-only: dist/bin-transpile.js
    ts-script: dist/bin-script-deprecated.js
  checksum: fde256c9073969e234526e2cfead42591b9a2aec5222bac154b0de2fa9e4ceb30efcd717ee8bc785a56f3a119bdd5aa27b333d9dbec94ed254bd26f8944c67ac
  languageName: node
  linkType: hard

"tslib@npm:^2.3.1":
  version: 2.8.1
  resolution: "tslib@npm:2.8.1"
  checksum: e4aba30e632b8c8902b47587fd13345e2827fa639e7c3121074d5ee0880723282411a8838f830b55100cbe4517672f84a2472667d355b81e8af165a55dc6203a
  languageName: node
  linkType: hard

"typescript@npm:^5.9.3":
  version: 5.9.3
  resolution: "typescript@npm:5.9.3"
  bin:
    tsc: bin/tsc
    tsserver: bin/tsserver
  checksum: 0d0ffb84f2cd072c3e164c79a2e5a1a1f4f168e84cb2882ff8967b92afe1def6c2a91f6838fb58b168428f9458c57a2ba06a6737711fdd87a256bbe83e9a217f
  languageName: node
  linkType: hard

"typescript@patch:typescript@^5.9.3#~builtin<compat/typescript>":
  version: 5.9.3
  resolution: "typescript@patch:typescript@npm%3A5.9.3#~builtin<compat/typescript>::version=5.9.3&hash=d73830"
  bin:
    tsc: bin/tsc
    tsserver: bin/tsserver
  checksum: 8bb8d86819ac86a498eada254cad7fb69c5f74778506c700c2a712daeaff21d3a6f51fd0d534fe16903cb010d1b74f89437a3d02d4d0ff5ca2ba9a4660de8497
  languageName: node
  linkType: hard

"undici-types@npm:~5.26.4":
  version: 5.26.5
  resolution: "undici-types@npm:5.26.5"
  checksum: 3192ef6f3fd5df652f2dc1cd782b49d6ff14dc98e5dced492aa8a8c65425227da5da6aafe22523c67f035a272c599bb89cfe803c1db6311e44bed3042fc25487
  languageName: node
  linkType: hard

"undici@npm:^7.12.0":
  version: 7.16.0
  resolution: "undici@npm:7.16.0"
  checksum: dca60e323e44c2d408e0d1f5eb540632ad4e75631d5b6fcd7791876bab54e0e263a66e5606eaa717d436b2db5988c2f4af912dfa221ce53e3fc7fcb7d224c9cd
  languageName: node
  linkType: hard

"v8-compile-cache-lib@npm:^3.0.1":
  version: 3.0.1
  resolution: "v8-compile-cache-lib@npm:3.0.1"
  checksum: 78089ad549e21bcdbfca10c08850022b22024cdcc2da9b168bcf5a73a6ed7bf01a9cebb9eac28e03cd23a684d81e0502797e88f3ccd27a32aeab1cfc44c39da0
  languageName: node
  linkType: hard

"whatwg-encoding@npm:^3.1.1":
  version: 3.1.1
  resolution: "whatwg-encoding@npm:3.1.1"
  dependencies:
    iconv-lite: 0.6.3
  checksum: f75a61422421d991e4aec775645705beaf99a16a88294d68404866f65e92441698a4f5b9fa11dd609017b132d7b286c3c1534e2de5b3e800333856325b549e3c
  languageName: node
  linkType: hard

"whatwg-mimetype@npm:^4.0.0":
  version: 4.0.0
  resolution: "whatwg-mimetype@npm:4.0.0"
  checksum: f97edd4b4ee7e46a379f3fb0e745de29fe8b839307cc774300fd49059fcdd560d38cb8fe21eae5575b8f39b022f23477cc66e40b0355c2851ce84760339cef30
  languageName: node
  linkType: hard

"wrap-ansi@npm:^7.0.0":
  version: 7.0.0
  resolution: "wrap-ansi@npm:7.0.0"
  dependencies:
    ansi-styles: ^4.0.0
    string-width: ^4.1.0
    strip-ansi: ^6.0.0
  checksum: a790b846fd4505de962ba728a21aaeda189b8ee1c7568ca5e817d85930e06ef8d1689d49dbf0e881e8ef84436af3a88bc49115c2e2788d841ff1b8b5b51a608b
  languageName: node
  linkType: hard

"y18n@npm:^5.0.5":
  version: 5.0.8
  resolution: "y18n@npm:5.0.8"
  checksum: 54f0fb95621ee60898a38c572c515659e51cc9d9f787fb109cef6fde4befbe1c4602dc999d30110feee37456ad0f1660fa2edcfde6a9a740f86a290999550d30
  languageName: node
  linkType: hard

"yargs-parser@npm:^21.1.1":
  version: 21.1.1
  resolution: "yargs-parser@npm:21.1.1"
  checksum: ed2d96a616a9e3e1cc7d204c62ecc61f7aaab633dcbfab2c6df50f7f87b393993fe6640d017759fe112d0cb1e0119f2b4150a87305cc873fd90831c6a58ccf1c
  languageName: node
  linkType: hard

"yargs@npm:^17.7.2":
  version: 17.7.2
  resolution: "yargs@npm:17.7.2"
  dependencies:
    cliui: ^8.0.1
    escalade: ^3.1.1
    get-caller-file: ^2.0.5
    require-directory: ^2.1.1
    string-width: ^4.2.3
    y18n: ^5.0.5
    yargs-parser: ^21.1.1
  checksum: 73b572e863aa4a8cbef323dd911d79d193b772defd5a51aab0aca2d446655216f5002c42c5306033968193bdbf892a7a4c110b0d77954a7fdf563e653967b56a
  languageName: node
  linkType: hard

"yn@npm:3.1.1":
  version: 3.1.1
  resolution: "yn@npm:3.1.1"
  checksum: 2c487b0e149e746ef48cda9f8bad10fc83693cd69d7f9dcd8be4214e985de33a29c9e24f3c0d6bcf2288427040a8947406ab27f7af67ee9456e6b84854f02dd6
  languageName: node
  linkType: hard

"z3-solver@npm:^4.12.4":
  version: 4.15.4
  resolution: "z3-solver@npm:4.15.4"
  dependencies:
    async-mutex: ^0.3.2
  checksum: 02855c6cb06b20d1d437f6ea2d0bf1907f6478a542735de7db2d2b70b968013dd99a19ea78001a723b01d18c6198c52e8743637635d5f65e335527468f6ce61d
  languageName: node
  linkType: hard
